
Microsoft Visual Studio Solution File, Format Version 12.00
# Visual Studio Version 16
VisualStudioVersion = 16.0.31624.102
MinimumVisualStudioVersion = 10.0.40219.1
Project("{FAE04EC0-301F-11D3-BF4B-00C04F79EFBC}") = "ASPConcesionario", "ASPConcesionario\ASPConcesionario.csproj", "{7E2C5E3A-D063-4FF1-9B82-283D8716B709}"
EndProject
Project("{2150E333-8FDC-42A3-9474-1A3956D46DE8}") = "1.Plataforma", "1.Plataforma", "{0EB6F746-E816-46DA-8223-E3E885CC6DAF}"
EndProject
Project("{2150E333-8FDC-42A3-9474-1A3956D46DE8}") = "2.Pruebas", "2.Pruebas", "{DDBEE53A-859B-47D0-8461-4D975BA21818}"
EndProject
Project("{9A19103F-16F7-4668-BE54-9A1E7A4F7556}") = "Concesionario.GUI.Tests", "Concesionario.GUI.Tests\Concesionario.GUI.Tests.csproj", "{00A123CD-764E-41A1-8406-BAF94886A66E}"
EndProject
Project("{2150E333-8FDC-42A3-9474-1A3956D46DE8}") = "1.1 Vista", "1.1 Vista", "{190344FE-3F0C-45E9-814A-171CD8152342}"
EndProject
Project("{2150E333-8FDC-42A3-9474-1A3956D46DE8}") = "1.3 Datos", "1.3 Datos", "{68881EEF-D0E3-4308-83CA-AA716BB78F43}"
EndProject
Project("{FAE04EC0-301F-11D3-BF4B-00C04F79EFBC}") = "AccesoDeDatos", "AccesoDeDatos\AccesoDeDatos.csproj", "{436FAF49-576A-4377-A6A7-2B440EA87551}"
EndProject
Project("{2150E333-8FDC-42A3-9474-1A3956D46DE8}") = "1.2 Logica", "1.2 Logica", "{8E7A9C51-6367-4CD6-A6CF-779916958F7A}"
EndProject
Project("{FAE04EC0-301F-11D3-BF4B-00C04F79EFBC}") = "LogicaNegocio", "LogicaNegocio\LogicaNegocio.csproj", "{8F96EEF5-9869-4D52-B141-3FC90F194E4A}"
EndProject
Global
	GlobalSection(SolutionConfigurationPlatforms) = preSolution
		Debug|Any CPU = Debug|Any CPU
		Release|Any CPU = Release|Any CPU
	EndGlobalSection
	GlobalSection(ProjectConfigurationPlatforms) = postSolution
		{7E2C5E3A-D063-4FF1-9B82-283D8716B709}.Debug|Any CPU.ActiveCfg = Debug|Any CPU
		{7E2C5E3A-D063-4FF1-9B82-283D8716B709}.Debug|Any CPU.Build.0 = Debug|Any CPU
		{7E2C5E3A-D063-4FF1-9B82-283D8716B709}.Release|Any CPU.ActiveCfg = Release|Any CPU
		{7E2C5E3A-D063-4FF1-9B82-283D8716B709}.Release|Any CPU.Build.0 = Release|Any CPU
		{00A123CD-764E-41A1-8406-BAF94886A66E}.Debug|Any CPU.ActiveCfg = Debug|Any CPU
		{00A123CD-764E-41A1-8406-BAF94886A66E}.Debug|Any CPU.Build.0 = Debug|Any CPU
		{00A123CD-764E-41A1-8406-BAF94886A66E}.Release|Any CPU.ActiveCfg = Release|Any CPU
		{00A123CD-764E-41A1-8406-BAF94886A66E}.Release|Any CPU.Build.0 = Release|Any CPU
		{436FAF49-576A-4377-A6A7-2B440EA87551}.Debug|Any CPU.ActiveCfg = Debug|Any CPU
		{436FAF49-576A-4377-A6A7-2B440EA87551}.Debug|Any CPU.Build.0 = Debug|Any CPU
		{436FAF49-576A-4377-A6A7-2B440EA87551}.Release|Any CPU.ActiveCfg = Release|Any CPU
		{436FAF49-576A-4377-A6A7-2B440EA87551}.Release|Any CPU.Build.0 = Release|Any CPU
		{8F96EEF5-9869-4D52-B141-3FC90F194E4A}.Debug|Any CPU.ActiveCfg = Debug|Any CPU
		{8F96EEF5-9869-4D52-B141-3FC90F194E4A}.Debug|Any CPU.Build.0 = Debug|Any CPU
		{8F96EEF5-9869-4D52-B141-3FC90F194E4A}.Release|Any CPU.ActiveCfg = Release|Any CPU
		{8F96EEF5-9869-4D52-B141-3FC90F194E4A}.Release|Any CPU.Build.0 = Release|Any CPU
	EndGlobalSection
	GlobalSection(SolutionProperties) = preSolution
		HideSolutionNode = FALSE
	EndGlobalSection
	GlobalSection(NestedProjects) = preSolution
		{7E2C5E3A-D063-4FF1-9B82-283D8716B709} = {190344FE-3F0C-45E9-814A-171CD8152342}
		{00A123CD-764E-41A1-8406-BAF94886A66E} = {DDBEE53A-859B-47D0-8461-4D975BA21818}
		{190344FE-3F0C-45E9-814A-171CD8152342} = {0EB6F746-E816-46DA-8223-E3E885CC6DAF}
		{68881EEF-D0E3-4308-83CA-AA716BB78F43} = {0EB6F746-E816-46DA-8223-E3E885CC6DAF}
		{436FAF49-576A-4377-A6A7-2B440EA87551} = {68881EEF-D0E3-4308-83CA-AA716BB78F43}
		{8E7A9C51-6367-4CD6-A6CF-779916958F7A} = {0EB6F746-E816-46DA-8223-E3E885CC6DAF}
		{8F96EEF5-9869-4D52-B141-3FC90F194E4A} = {8E7A9C51-6367-4CD6-A6CF-779916958F7A}
	EndGlobalSection
	GlobalSection(ExtensibilityGlobals) = postSolution
		SolutionGuid = {AF202535-5AA8-4C4A-A639-E49F5B970962}
	EndGlobalSection
EndGlobal
